
Microsoft Visual Studio Solution File, Format Version 12.00
# Visual Studio Version 17
VisualStudioVersion = 17.10.35013.160
MinimumVisualStudioVersion = 10.0.40219.1
Project("{FAE04EC0-301F-11D3-BF4B-00C04F79EFBC}") = "collectionTest", "collectionTest\collectionTest.csproj", "{2157CEDC-A3D6-4BCF-BB49-AB0B40C40B5A}"
EndProject
Global
	GlobalSection(SolutionConfigurationPlatforms) = preSolution
		Debug|Any CPU = Debug|Any CPU
		Release|Any CPU = Release|Any CPU
	EndGlobalSection
	GlobalSection(ProjectConfigurationPlatforms) = postSolution
		{2157CEDC-A3D6-4BCF-BB49-AB0B40C40B5A}.Debug|Any CPU.ActiveCfg = Debug|Any CPU
		{2157CEDC-A3D6-4BCF-BB49-AB0B40C40B5A}.Debug|Any CPU.Build.0 = Debug|Any CPU
		{2157CEDC-A3D6-4BCF-BB49-AB0B40C40B5A}.Release|Any CPU.ActiveCfg = Release|Any CPU
		{2157CEDC-A3D6-4BCF-BB49-AB0B40C40B5A}.Release|Any CPU.Build.0 = Release|Any CPU
	EndGlobalSection
	GlobalSection(SolutionProperties) = preSolution
		HideSolutionNode = FALSE
	EndGlobalSection
	GlobalSection(ExtensibilityGlobals) = postSolution
		SolutionGuid = {1D2C80AA-464D-4F14-8385-922833820F4C}
	EndGlobalSection
EndGlobal
