
Microsoft Visual Studio Solution File, Format Version 12.00
# Visual Studio Version 17
VisualStudioVersion = 17.10.35013.160
MinimumVisualStudioVersion = 10.0.40219.1
Project("{FAE04EC0-301F-11D3-BF4B-00C04F79EFBC}") = "stackTest", "stackTest\stackTest.csproj", "{CA5C104C-6DB4-48EA-BDD7-E40321F1AED2}"
EndProject
Global
	GlobalSection(SolutionConfigurationPlatforms) = preSolution
		Debug|Any CPU = Debug|Any CPU
		Release|Any CPU = Release|Any CPU
	EndGlobalSection
	GlobalSection(ProjectConfigurationPlatforms) = postSolution
		{CA5C104C-6DB4-48EA-BDD7-E40321F1AED2}.Debug|Any CPU.ActiveCfg = Debug|Any CPU
		{CA5C104C-6DB4-48EA-BDD7-E40321F1AED2}.Debug|Any CPU.Build.0 = Debug|Any CPU
		{CA5C104C-6DB4-48EA-BDD7-E40321F1AED2}.Release|Any CPU.ActiveCfg = Release|Any CPU
		{CA5C104C-6DB4-48EA-BDD7-E40321F1AED2}.Release|Any CPU.Build.0 = Release|Any CPU
	EndGlobalSection
	GlobalSection(SolutionProperties) = preSolution
		HideSolutionNode = FALSE
	EndGlobalSection
	GlobalSection(ExtensibilityGlobals) = postSolution
		SolutionGuid = {F15C2897-4880-470E-A719-6F085FB8C03B}
	EndGlobalSection
EndGlobal
